
Microsoft Visual Studio Solution File, Format Version 12.00
# Visual Studio Version 16
VisualStudioVersion = 16.0.30420.98
MinimumVisualStudioVersion = 10.0.40219.1
Project("{9A19103F-16F7-4668-BE54-9A1E7A4F7556}") = "GetSystemInfo", "GetSystemInfo\GetSystemInfo.csproj", "{5FEA2EB2-E4AA-4B88-9F58-E93018DDD243}"
EndProject
Global
	GlobalSection(SolutionConfigurationPlatforms) = preSolution
		Debug|Any CPU = Debug|Any CPU
		Debug|x64 = Debug|x64
		Release|Any CPU = Release|Any CPU
		Release|x64 = Release|x64
	EndGlobalSection
	GlobalSection(ProjectConfigurationPlatforms) = postSolution
		{5FEA2EB2-E4AA-4B88-9F58-E93018DDD243}.Debug|Any CPU.ActiveCfg = Debug|x86
		{5FEA2EB2-E4AA-4B88-9F58-E93018DDD243}.Debug|Any CPU.Build.0 = Debug|x86
		{5FEA2EB2-E4AA-4B88-9F58-E93018DDD243}.Debug|x64.ActiveCfg = Debug|x64
		{5FEA2EB2-E4AA-4B88-9F58-E93018DDD243}.Debug|x64.Build.0 = Debug|x64
		{5FEA2EB2-E4AA-4B88-9F58-E93018DDD243}.Release|Any CPU.ActiveCfg = Release|Any CPU
		{5FEA2EB2-E4AA-4B88-9F58-E93018DDD243}.Release|Any CPU.Build.0 = Release|Any CPU
		{5FEA2EB2-E4AA-4B88-9F58-E93018DDD243}.Release|x64.ActiveCfg = Release|x64
		{5FEA2EB2-E4AA-4B88-9F58-E93018DDD243}.Release|x64.Build.0 = Release|x64
	EndGlobalSection
	GlobalSection(SolutionProperties) = preSolution
		HideSolutionNode = FALSE
	EndGlobalSection
	GlobalSection(ExtensibilityGlobals) = postSolution
		SolutionGuid = {2440CBA7-DBF9-47DF-A17F-8B2C59ECC756}
	EndGlobalSection
EndGlobal
